
Microsoft Visual Studio Solution File, Format Version 12.00
# Visual Studio 15
VisualStudioVersion = 15.0.28307.1525
MinimumVisualStudioVersion = 10.0.40219.1
Project("{FAE04EC0-301F-11D3-BF4B-00C04F79EFBC}") = "ReasonsDemo", "ReasonsDemo\ReasonsDemo.csproj", "{6BBB26C9-2A26-46C7-97C6-B4B211108908}"
EndProject
Global
	GlobalSection(SolutionConfigurationPlatforms) = preSolution
		Debug|Any CPU = Debug|Any CPU
		Release|Any CPU = Release|Any CPU
	EndGlobalSection
	GlobalSection(ProjectConfigurationPlatforms) = postSolution
		{6BBB26C9-2A26-46C7-97C6-B4B211108908}.Debug|Any CPU.ActiveCfg = Debug|Any CPU
		{6BBB26C9-2A26-46C7-97C6-B4B211108908}.Debug|Any CPU.Build.0 = Debug|Any CPU
		{6BBB26C9-2A26-46C7-97C6-B4B211108908}.Release|Any CPU.ActiveCfg = Release|Any CPU
		{6BBB26C9-2A26-46C7-97C6-B4B211108908}.Release|Any CPU.Build.0 = Release|Any CPU
	EndGlobalSection
	GlobalSection(SolutionProperties) = preSolution
		HideSolutionNode = FALSE
	EndGlobalSection
	GlobalSection(ExtensibilityGlobals) = postSolution
		SolutionGuid = {E65F9D0B-86FE-42B6-B127-DBA1E8DD4AB3}
	EndGlobalSection
EndGlobal
